// !$*UTF8*$!
{
	archiveVersion = 1;
	classes = {
	};
	objectVersion = 56;
	objects = {

/* Begin PBXBuildFile section */
		A04E53712B9528430017617B /* SplashView.swift in Sources */ = {isa = PBXBuildFile; fileRef = A04E53702B9528430017617B /* SplashView.swift */; };
		A0DD361D2B93895F00D504D6 /* CCAircraftApp.swift in Sources */ = {isa = PBXBuildFile; fileRef = A0DD361C2B93895F00D504D6 /* CCAircraftApp.swift */; };
		A0DD361F2B93895F00D504D6 /* OpenView.swift in Sources */ = {isa = PBXBuildFile; fileRef = A0DD361E2B93895F00D504D6 /* OpenView.swift */; };
		A0DD36212B93897000D504D6 /* Assets.xcassets in Resources */ = {isa = PBXBuildFile; fileRef = A0DD36202B93897000D504D6 /* Assets.xcassets */; };
		A0DD36242B93897000D504D6 /* Preview Assets.xcassets in Resources */ = {isa = PBXBuildFile; fileRef = A0DD36232B93897000D504D6 /* Preview Assets.xcassets */; };
		A0DD362E2B93897100D504D6 /* CCAircraftTests.swift in Sources */ = {isa = PBXBuildFile; fileRef = A0DD362D2B93897100D504D6 /* CCAircraftTests.swift */; };
		A0DD36382B93897100D504D6 /* CCAircraftUITests.swift in Sources */ = {isa = PBXBuildFile; fileRef = A0DD36372B93897100D504D6 /* CCAircraftUITests.swift */; };
		A0DD363A2B93897100D504D6 /* CCAircraftUITestsLaunchTests.swift in Sources */ = {isa = PBXBuildFile; fileRef = A0DD36392B93897100D504D6 /* CCAircraftUITestsLaunchTests.swift */; };
		A0DD36482B93ABED00D504D6 /* Execution.swift in Sources */ = {isa = PBXBuildFile; fileRef = A0DD36472B93ABED00D504D6 /* Execution.swift */; };
		A0DD364D2B94156400D504D6 /* CruiseMain.swift in Sources */ = {isa = PBXBuildFile; fileRef = A0DD364C2B94156400D504D6 /* CruiseMain.swift */; };
		A0DD364F2B94157300D504D6 /* EngagementMain.swift in Sources */ = {isa = PBXBuildFile; fileRef = A0DD364E2B94157300D504D6 /* EngagementMain.swift */; };
		A0DD36512B94157D00D504D6 /* EgressMain.swift in Sources */ = {isa = PBXBuildFile; fileRef = A0DD36502B94157D00D504D6 /* EgressMain.swift */; };
		A0DD36532B94159B00D504D6 /* Loose.swift in Sources */ = {isa = PBXBuildFile; fileRef = A0DD36522B94159B00D504D6 /* Loose.swift */; };
		A0DD36552B9415A900D504D6 /* Trail.swift in Sources */ = {isa = PBXBuildFile; fileRef = A0DD36542B9415A900D504D6 /* Trail.swift */; };
		A0DD36572B9415BD00D504D6 /* Echelon.swift in Sources */ = {isa = PBXBuildFile; fileRef = A0DD36562B9415BD00D504D6 /* Echelon.swift */; };
		A0DD36592B94161F00D504D6 /* Banzai.swift in Sources */ = {isa = PBXBuildFile; fileRef = A0DD36582B94161F00D504D6 /* Banzai.swift */; };
		A0DD365B2B94162B00D504D6 /* Blow.swift in Sources */ = {isa = PBXBuildFile; fileRef = A0DD365A2B94162B00D504D6 /* Blow.swift */; };
		A0DD365D2B94163400D504D6 /* Skate.swift in Sources */ = {isa = PBXBuildFile; fileRef = A0DD365C2B94163400D504D6 /* Skate.swift */; };
		A0DD365F2B94163D00D504D6 /* Lag.swift in Sources */ = {isa = PBXBuildFile; fileRef = A0DD365E2B94163D00D504D6 /* Lag.swift */; };
/* End PBXBuildFile section */

/* Begin PBXContainerItemProxy section */
		A0DD362A2B93897100D504D6 /* PBXContainerItemProxy */ = {
			isa = PBXContainerItemProxy;
			containerPortal = A0DD36112B93895F00D504D6 /* Project object */;
			proxyType = 1;
			remoteGlobalIDString = A0DD36182B93895F00D504D6;
			remoteInfo = CCAircraft;
		};
		A0DD36342B93897100D504D6 /* PBXContainerItemProxy */ = {
			isa = PBXContainerItemProxy;
			containerPortal = A0DD36112B93895F00D504D6 /* Project object */;
			proxyType = 1;
			remoteGlobalIDString = A0DD36182B93895F00D504D6;
			remoteInfo = CCAircraft;
		};
/* End PBXContainerItemProxy section */

/* Begin PBXFileReference section */
		A04E53702B9528430017617B /* SplashView.swift */ = {isa = PBXFileReference; lastKnownFileType = sourcecode.swift; path = SplashView.swift; sourceTree = "<group>"; };
		A0DD36192B93895F00D504D6 /* CCAircraft.app */ = {isa = PBXFileReference; explicitFileType = wrapper.application; includeInIndex = 0; path = CCAircraft.app; sourceTree = BUILT_PRODUCTS_DIR; };
		A0DD361C2B93895F00D504D6 /* CCAircraftApp.swift */ = {isa = PBXFileReference; lastKnownFileType = sourcecode.swift; path = CCAircraftApp.swift; sourceTree = "<group>"; };
		A0DD361E2B93895F00D504D6 /* OpenView.swift */ = {isa = PBXFileReference; lastKnownFileType = sourcecode.swift; path = OpenView.swift; sourceTree = "<group>"; };
		A0DD36202B93897000D504D6 /* Assets.xcassets */ = {isa = PBXFileReference; lastKnownFileType = folder.assetcatalog; path = Assets.xcassets; sourceTree = "<group>"; };
		A0DD36232B93897000D504D6 /* Preview Assets.xcassets */ = {isa = PBXFileReference; lastKnownFileType = folder.assetcatalog; path = "Preview Assets.xcassets"; sourceTree = "<group>"; };
		A0DD36292B93897100D504D6 /* CCAircraftTests.xctest */ = {isa = PBXFileReference; explicitFileType = wrapper.cfbundle; includeInIndex = 0; path = CCAircraftTests.xctest; sourceTree = BUILT_PRODUCTS_DIR; };
		A0DD362D2B93897100D504D6 /* CCAircraftTests.swift */ = {isa = PBXFileReference; lastKnownFileType = sourcecode.swift; path = CCAircraftTests.swift; sourceTree = "<group>"; };
		A0DD36332B93897100D504D6 /* CCAircraftUITests.xctest */ = {isa = PBXFileReference; explicitFileType = wrapper.cfbundle; includeInIndex = 0; path = CCAircraftUITests.xctest; sourceTree = BUILT_PRODUCTS_DIR; };
		A0DD36372B93897100D504D6 /* CCAircraftUITests.swift */ = {isa = PBXFileReference; lastKnownFileType = sourcecode.swift; path = CCAircraftUITests.swift; sourceTree = "<group>"; };
		A0DD36392B93897100D504D6 /* CCAircraftUITestsLaunchTests.swift */ = {isa = PBXFileReference; lastKnownFileType = sourcecode.swift; path = CCAircraftUITestsLaunchTests.swift; sourceTree = "<group>"; };
		A0DD36472B93ABED00D504D6 /* Execution.swift */ = {isa = PBXFileReference; lastKnownFileType = sourcecode.swift; path = Execution.swift; sourceTree = "<group>"; };
		A0DD364C2B94156400D504D6 /* CruiseMain.swift */ = {isa = PBXFileReference; lastKnownFileType = sourcecode.swift; path = CruiseMain.swift; sourceTree = "<group>"; };
		A0DD364E2B94157300D504D6 /* EngagementMain.swift */ = {isa = PBXFileReference; lastKnownFileType = sourcecode.swift; path = EngagementMain.swift; sourceTree = "<group>"; };
		A0DD36502B94157D00D504D6 /* EgressMain.swift */ = {isa = PBXFileReference; lastKnownFileType = sourcecode.swift; path = EgressMain.swift; sourceTree = "<group>"; };
		A0DD36522B94159B00D504D6 /* Loose.swift */ = {isa = PBXFileReference; lastKnownFileType = sourcecode.swift; path = Loose.swift; sourceTree = "<group>"; };
		A0DD36542B9415A900D504D6 /* Trail.swift */ = {isa = PBXFileReference; lastKnownFileType = sourcecode.swift; path = Trail.swift; sourceTree = "<group>"; };
		A0DD36562B9415BD00D504D6 /* Echelon.swift */ = {isa = PBXFileReference; lastKnownFileType = sourcecode.swift; path = Echelon.swift; sourceTree = "<group>"; };
		A0DD36582B94161F00D504D6 /* Banzai.swift */ = {isa = PBXFileReference; lastKnownFileType = sourcecode.swift; path = Banzai.swift; sourceTree = "<group>"; };
		A0DD365A2B94162B00D504D6 /* Blow.swift */ = {isa = PBXFileReference; lastKnownFileType = sourcecode.swift; path = Blow.swift; sourceTree = "<group>"; };
		A0DD365C2B94163400D504D6 /* Skate.swift */ = {isa = PBXFileReference; lastKnownFileType = sourcecode.swift; path = Skate.swift; sourceTree = "<group>"; };
		A0DD365E2B94163D00D504D6 /* Lag.swift */ = {isa = PBXFileReference; lastKnownFileType = sourcecode.swift; path = Lag.swift; sourceTree = "<group>"; };
/* End PBXFileReference section */

/* Begin PBXFrameworksBuildPhase section */
		A0DD36162B93895F00D504D6 /* Frameworks */ = {
			isa = PBXFrameworksBuildPhase;
			buildActionMask = 2147483647;
			files = (
			);
			runOnlyForDeploymentPostprocessing = 0;
		};
		A0DD36262B93897100D504D6 /* Frameworks */ = {
			isa = PBXFrameworksBuildPhase;
			buildActionMask = 2147483647;
			files = (
			);
			runOnlyForDeploymentPostprocessing = 0;
		};
		A0DD36302B93897100D504D6 /* Frameworks */ = {
			isa = PBXFrameworksBuildPhase;
			buildActionMask = 2147483647;
			files = (
			);
			runOnlyForDeploymentPostprocessing = 0;
		};
/* End PBXFrameworksBuildPhase section */

/* Begin PBXGroup section */
		A0DD36102B93895F00D504D6 = {
			isa = PBXGroup;
			children = (
				A0DD361B2B93895F00D504D6 /* CCAircraft */,
				A0DD362C2B93897100D504D6 /* CCAircraftTests */,
				A0DD36362B93897100D504D6 /* CCAircraftUITests */,
				A0DD361A2B93895F00D504D6 /* Products */,
			);
			sourceTree = "<group>";
		};
		A0DD361A2B93895F00D504D6 /* Products */ = {
			isa = PBXGroup;
			children = (
				A0DD36192B93895F00D504D6 /* CCAircraft.app */,
				A0DD36292B93897100D504D6 /* CCAircraftTests.xctest */,
				A0DD36332B93897100D504D6 /* CCAircraftUITests.xctest */,
			);
			name = Products;
			sourceTree = "<group>";
		};
		A0DD361B2B93895F00D504D6 /* CCAircraft */ = {
			isa = PBXGroup;
			children = (
				A0DD361C2B93895F00D504D6 /* CCAircraftApp.swift */,
				A0DD361E2B93895F00D504D6 /* OpenView.swift */,
				A04E53702B9528430017617B /* SplashView.swift */,
				A0DD36462B93A90700D504D6 /* Selections */,
				A0DD36492B9414CD00D504D6 /* Cruise */,
				A0DD364A2B9414EB00D504D6 /* Engagement */,
				A0DD364B2B9414FD00D504D6 /* Egress */,
				A0DD36202B93897000D504D6 /* Assets.xcassets */,
				A0DD36222B93897000D504D6 /* Preview Content */,
			);
			path = CCAircraft;
			sourceTree = "<group>";
		};
		A0DD36222B93897000D504D6 /* Preview Content */ = {
			isa = PBXGroup;
			children = (
				A0DD36232B93897000D504D6 /* Preview Assets.xcassets */,
			);
			path = "Preview Content";
			sourceTree = "<group>";
		};
		A0DD362C2B93897100D504D6 /* CCAircraftTests */ = {
			isa = PBXGroup;
			children = (
				A0DD362D2B93897100D504D6 /* CCAircraftTests.swift */,
			);
			path = CCAircraftTests;
			sourceTree = "<group>";
		};
		A0DD36362B93897100D504D6 /* CCAircraftUITests */ = {
			isa = PBXGroup;
			children = (
				A0DD36372B93897100D504D6 /* CCAircraftUITests.swift */,
				A0DD36392B93897100D504D6 /* CCAircraftUITestsLaunchTests.swift */,
			);
			path = CCAircraftUITests;
			sourceTree = "<group>";
		};
		A0DD36462B93A90700D504D6 /* Selections */ = {
			isa = PBXGroup;
			children = (
				A0DD36472B93ABED00D504D6 /* Execution.swift */,
			);
			path = Selections;
			sourceTree = "<group>";
		};
		A0DD36492B9414CD00D504D6 /* Cruise */ = {
			isa = PBXGroup;
			children = (
				A0DD364C2B94156400D504D6 /* CruiseMain.swift */,
				A0DD36522B94159B00D504D6 /* Loose.swift */,
				A0DD36542B9415A900D504D6 /* Trail.swift */,
				A0DD36562B9415BD00D504D6 /* Echelon.swift */,
			);
			path = Cruise;
			sourceTree = "<group>";
		};
		A0DD364A2B9414EB00D504D6 /* Engagement */ = {
			isa = PBXGroup;
			children = (
				A0DD364E2B94157300D504D6 /* EngagementMain.swift */,
				A0DD36582B94161F00D504D6 /* Banzai.swift */,
				A0DD365A2B94162B00D504D6 /* Blow.swift */,
				A0DD365C2B94163400D504D6 /* Skate.swift */,
				A0DD365E2B94163D00D504D6 /* Lag.swift */,
			);
			path = Engagement;
			sourceTree = "<group>";
		};
		A0DD364B2B9414FD00D504D6 /* Egress */ = {
			isa = PBXGroup;
			children = (
				A0DD36502B94157D00D504D6 /* EgressMain.swift */,
			);
			path = Egress;
			sourceTree = "<group>";
		};
/* End PBXGroup section */

/* Begin PBXNativeTarget section */
		A0DD36182B93895F00D504D6 /* CCAircraft */ = {
			isa = PBXNativeTarget;
			buildConfigurationList = A0DD363D2B93897100D504D6 /* Build configuration list for PBXNativeTarget "CCAircraft" */;
			buildPhases = (
				A0DD36152B93895F00D504D6 /* Sources */,
				A0DD36162B93895F00D504D6 /* Frameworks */,
				A0DD36172B93895F00D504D6 /* Resources */,
			);
			buildRules = (
			);
			dependencies = (
			);
			name = CCAircraft;
			productName = CCAircraft;
			productReference = A0DD36192B93895F00D504D6 /* CCAircraft.app */;
			productType = "com.apple.product-type.application";
		};
		A0DD36282B93897100D504D6 /* CCAircraftTests */ = {
			isa = PBXNativeTarget;
			buildConfigurationList = A0DD36402B93897100D504D6 /* Build configuration list for PBXNativeTarget "CCAircraftTests" */;
			buildPhases = (
				A0DD36252B93897100D504D6 /* Sources */,
				A0DD36262B93897100D504D6 /* Frameworks */,
				A0DD36272B93897100D504D6 /* Resources */,
			);
			buildRules = (
			);
			dependencies = (
				A0DD362B2B93897100D504D6 /* PBXTargetDependency */,
			);
			name = CCAircraftTests;
			productName = CCAircraftTests;
			productReference = A0DD36292B93897100D504D6 /* CCAircraftTests.xctest */;
			productType = "com.apple.product-type.bundle.unit-test";
		};
		A0DD36322B93897100D504D6 /* CCAircraftUITests */ = {
			isa = PBXNativeTarget;
			buildConfigurationList = A0DD36432B93897100D504D6 /* Build configuration list for PBXNativeTarget "CCAircraftUITests" */;
			buildPhases = (
				A0DD362F2B93897100D504D6 /* Sources */,
				A0DD36302B93897100D504D6 /* Frameworks */,
				A0DD36312B93897100D504D6 /* Resources */,
			);
			buildRules = (
			);
			dependencies = (
				A0DD36352B93897100D504D6 /* PBXTargetDependency */,
			);
			name = CCAircraftUITests;
			productName = CCAircraftUITests;
			productReference = A0DD36332B93897100D504D6 /* CCAircraftUITests.xctest */;
			productType = "com.apple.product-type.bundle.ui-testing";
		};
/* End PBXNativeTarget section */

/* Begin PBXProject section */
		A0DD36112B93895F00D504D6 /* Project object */ = {
			isa = PBXProject;
			attributes = {
				BuildIndependentTargetsInParallel = 1;
				LastSwiftUpdateCheck = 1520;
				LastUpgradeCheck = 1520;
				TargetAttributes = {
					A0DD36182B93895F00D504D6 = {
						CreatedOnToolsVersion = 15.2;
					};
					A0DD36282B93897100D504D6 = {
						CreatedOnToolsVersion = 15.2;
						TestTargetID = A0DD36182B93895F00D504D6;
					};
					A0DD36322B93897100D504D6 = {
						CreatedOnToolsVersion = 15.2;
						TestTargetID = A0DD36182B93895F00D504D6;
					};
				};
			};
			buildConfigurationList = A0DD36142B93895F00D504D6 /* Build configuration list for PBXProject "CCAircraft" */;
			compatibilityVersion = "Xcode 14.0";
			developmentRegion = en;
			hasScannedForEncodings = 0;
			knownRegions = (
				en,
				Base,
			);
			mainGroup = A0DD36102B93895F00D504D6;
			productRefGroup = A0DD361A2B93895F00D504D6 /* Products */;
			projectDirPath = "";
			projectRoot = "";
			targets = (
				A0DD36182B93895F00D504D6 /* CCAircraft */,
				A0DD36282B93897100D504D6 /* CCAircraftTests */,
				A0DD36322B93897100D504D6 /* CCAircraftUITests */,
			);
		};
/* End PBXProject section */

/* Begin PBXResourcesBuildPhase section */
		A0DD36172B93895F00D504D6 /* Resources */ = {
			isa = PBXResourcesBuildPhase;
			buildActionMask = 2147483647;
			files = (
				A0DD36242B93897000D504D6 /* Preview Assets.xcassets in Resources */,
				A0DD36212B93897000D504D6 /* Assets.xcassets in Resources */,
			);
			runOnlyForDeploymentPostprocessing = 0;
		};
		A0DD36272B93897100D504D6 /* Resources */ = {
			isa = PBXResourcesBuildPhase;
			buildActionMask = 2147483647;
			files = (
			);
			runOnlyForDeploymentPostprocessing = 0;
		};
		A0DD36312B93897100D504D6 /* Resources */ = {
			isa = PBXResourcesBuildPhase;
			buildActionMask = 2147483647;
			files = (
			);
			runOnlyForDeploymentPostprocessing = 0;
		};
/* End PBXResourcesBuildPhase section */

/* Begin PBXSourcesBuildPhase section */
		A0DD36152B93895F00D504D6 /* Sources */ = {
			isa = PBXSourcesBuildPhase;
			buildActionMask = 2147483647;
			files = (
				A0DD36482B93ABED00D504D6 /* Execution.swift in Sources */,
				A0DD36532B94159B00D504D6 /* Loose.swift in Sources */,
				A0DD365D2B94163400D504D6 /* Skate.swift in Sources */,
				A0DD36552B9415A900D504D6 /* Trail.swift in Sources */,
				A0DD365B2B94162B00D504D6 /* Blow.swift in Sources */,
				A0DD361F2B93895F00D504D6 /* OpenView.swift in Sources */,
				A0DD361D2B93895F00D504D6 /* CCAircraftApp.swift in Sources */,
				A0DD36572B9415BD00D504D6 /* Echelon.swift in Sources */,
				A0DD365F2B94163D00D504D6 /* Lag.swift in Sources */,
				A0DD36592B94161F00D504D6 /* Banzai.swift in Sources */,
				A0DD36512B94157D00D504D6 /* EgressMain.swift in Sources */,
				A0DD364F2B94157300D504D6 /* EngagementMain.swift in Sources */,
				A0DD364D2B94156400D504D6 /* CruiseMain.swift in Sources */,
				A04E53712B9528430017617B /* SplashView.swift in Sources */,
			);
			runOnlyForDeploymentPostprocessing = 0;
		};
		A0DD36252B93897100D504D6 /* Sources */ = {
			isa = PBXSourcesBuildPhase;
			buildActionMask = 2147483647;
			files = (
				A0DD362E2B93897100D504D6 /* CCAircraftTests.swift in Sources */,
			);
			runOnlyForDeploymentPostprocessing = 0;
		};
		A0DD362F2B93897100D504D6 /* Sources */ = {
			isa = PBXSourcesBuildPhase;
			buildActionMask = 2147483647;
			files = (
				A0DD363A2B93897100D504D6 /* CCAircraftUITestsLaunchTests.swift in Sources */,
				A0DD36382B93897100D504D6 /* CCAircraftUITests.swift in Sources */,
			);
			runOnlyForDeploymentPostprocessing = 0;
		};
/* End PBXSourcesBuildPhase section */

/* Begin PBXTargetDependency section */
		A0DD362B2B93897100D504D6 /* PBXTargetDependency */ = {
			isa = PBXTargetDependency;
			target = A0DD36182B93895F00D504D6 /* CCAircraft */;
			targetProxy = A0DD362A2B93897100D504D6 /* PBXContainerItemProxy */;
		};
		A0DD36352B93897100D504D6 /* PBXTargetDependency */ = {
			isa = PBXTargetDependency;
			target = A0DD36182B93895F00D504D6 /* CCAircraft */;
			targetProxy = A0DD36342B93897100D504D6 /* PBXContainerItemProxy */;
		};
/* End PBXTargetDependency section */

/* Begin XCBuildConfiguration section */
		A0DD363B2B93897100D504D6 /* Debug */ = {
			isa = XCBuildConfiguration;
			buildSettings = {
				ALWAYS_SEARCH_USER_PATHS = NO;
				ASSETCATALOG_COMPILER_GENERATE_SWIFT_ASSET_SYMBOL_EXTENSIONS = YES;
				CLANG_ANALYZER_NONNULL = YES;
				CLANG_ANALYZER_NUMBER_OBJECT_CONVERSION = YES_AGGRESSIVE;
				CLANG_CXX_LANGUAGE_STANDARD = "gnu++20";
				CLANG_ENABLE_MODULES = YES;
				CLANG_ENABLE_OBJC_ARC = YES;
				CLANG_ENABLE_OBJC_WEAK = YES;
				CLANG_WARN_BLOCK_CAPTURE_AUTORELEASING = YES;
				CLANG_WARN_BOOL_CONVERSION = YES;
				CLANG_WARN_COMMA = YES;
				CLANG_WARN_CONSTANT_CONVERSION = YES;
				CLANG_WARN_DEPRECATED_OBJC_IMPLEMENTATIONS = YES;
				CLANG_WARN_DIRECT_OBJC_ISA_USAGE = YES_ERROR;
				CLANG_WARN_DOCUMENTATION_COMMENTS = YES;
				CLANG_WARN_EMPTY_BODY = YES;
				CLANG_WARN_ENUM_CONVERSION = YES;
				CLANG_WARN_INFINITE_RECURSION = YES;
				CLANG_WARN_INT_CONVERSION = YES;
				CLANG_WARN_NON_LITERAL_NULL_CONVERSION = YES;
				CLANG_WARN_OBJC_IMPLICIT_RETAIN_SELF = YES;
				CLANG_WARN_OBJC_LITERAL_CONVERSION = YES;
				CLANG_WARN_OBJC_ROOT_CLASS = YES_ERROR;
				CLANG_WARN_QUOTED_INCLUDE_IN_FRAMEWORK_HEADER = YES;
				CLANG_WARN_RANGE_LOOP_ANALYSIS = YES;
				CLANG_WARN_STRICT_PROTOTYPES = YES;
				CLANG_WARN_SUSPICIOUS_MOVE = YES;
				CLANG_WARN_UNGUARDED_AVAILABILITY = YES_AGGRESSIVE;
				CLANG_WARN_UNREACHABLE_CODE = YES;
				CLANG_WARN__DUPLICATE_METHOD_MATCH = YES;
				COPY_PHASE_STRIP = NO;
				DEBUG_INFORMATION_FORMAT = dwarf;
				ENABLE_STRICT_OBJC_MSGSEND = YES;
				ENABLE_TESTABILITY = YES;
				ENABLE_USER_SCRIPT_SANDBOXING = YES;
				GCC_C_LANGUAGE_STANDARD = gnu17;
				GCC_DYNAMIC_NO_PIC = NO;
				GCC_NO_COMMON_BLOCKS = YES;
				GCC_OPTIMIZATION_LEVEL = 0;
				GCC_PREPROCESSOR_DEFINITIONS = (
					"DEBUG=1",
					"$(inherited)",
				);
				GCC_WARN_64_TO_32_BIT_CONVERSION = YES;
				GCC_WARN_ABOUT_RETURN_TYPE = YES_ERROR;
				GCC_WARN_UNDECLARED_SELECTOR = YES;
				GCC_WARN_UNINITIALIZED_AUTOS = YES_AGGRESSIVE;
				GCC_WARN_UNUSED_FUNCTION = YES;
				GCC_WARN_UNUSED_VARIABLE = YES;
				IPHONEOS_DEPLOYMENT_TARGET = 17.2;
				LOCALIZATION_PREFERS_STRING_CATALOGS = YES;
				MTL_ENABLE_DEBUG_INFO = INCLUDE_SOURCE;
				MTL_FAST_MATH = YES;
				ONLY_ACTIVE_ARCH = YES;
				SDKROOT = iphoneos;
				SWIFT_ACTIVE_COMPILATION_CONDITIONS = "DEBUG $(inherited)";
				SWIFT_OPTIMIZATION_LEVEL = "-Onone";
			};
			name = Debug;
		};
		A0DD363C2B93897100D504D6 /* Release */ = {
			isa = XCBuildConfiguration;
			buildSettings = {
				ALWAYS_SEARCH_USER_PATHS = NO;
				ASSETCATALOG_COMPILER_GENERATE_SWIFT_ASSET_SYMBOL_EXTENSIONS = YES;
				CLANG_ANALYZER_NONNULL = YES;
				CLANG_ANALYZER_NUMBER_OBJECT_CONVERSION = YES_AGGRESSIVE;
				CLANG_CXX_LANGUAGE_STANDARD = "gnu++20";
				CLANG_ENABLE_MODULES = YES;
				CLANG_ENABLE_OBJC_ARC = YES;
				CLANG_ENABLE_OBJC_WEAK = YES;
				CLANG_WARN_BLOCK_CAPTURE_AUTORELEASING = YES;
				CLANG_WARN_BOOL_CONVERSION = YES;
				CLANG_WARN_COMMA = YES;
				CLANG_WARN_CONSTANT_CONVERSION = YES;
				CLANG_WARN_DEPRECATED_OBJC_IMPLEMENTATIONS = YES;
				CLANG_WARN_DIRECT_OBJC_ISA_USAGE = YES_ERROR;
				CLANG_WARN_DOCUMENTATION_COMMENTS = YES;
				CLANG_WARN_EMPTY_BODY = YES;
				CLANG_WARN_ENUM_CONVERSION = YES;
				CLANG_WARN_INFINITE_RECURSION = YES;
				CLANG_WARN_INT_CONVERSION = YES;
				CLANG_WARN_NON_LITERAL_NULL_CONVERSION = YES;
				CLANG_WARN_OBJC_IMPLICIT_RETAIN_SELF = YES;
				CLANG_WARN_OBJC_LITERAL_CONVERSION = YES;
				CLANG_WARN_OBJC_ROOT_CLASS = YES_ERROR;
				CLANG_WARN_QUOTED_INCLUDE_IN_FRAMEWORK_HEADER = YES;
				CLANG_WARN_RANGE_LOOP_ANALYSIS = YES;
				CLANG_WARN_STRICT_PROTOTYPES = YES;
				CLANG_WARN_SUSPICIOUS_MOVE = YES;
				CLANG_WARN_UNGUARDED_AVAILABILITY = YES_AGGRESSIVE;
				CLANG_WARN_UNREACHABLE_CODE = YES;
				CLANG_WARN__DUPLICATE_METHOD_MATCH = YES;
				COPY_PHASE_STRIP = NO;
				DEBUG_INFORMATION_FORMAT = "dwarf-with-dsym";
				ENABLE_NS_ASSERTIONS = NO;
				ENABLE_STRICT_OBJC_MSGSEND = YES;
				ENABLE_USER_SCRIPT_SANDBOXING = YES;
				GCC_C_LANGUAGE_STANDARD = gnu17;
				GCC_NO_COMMON_BLOCKS = YES;
				GCC_WARN_64_TO_32_BIT_CONVERSION = YES;
				GCC_WARN_ABOUT_RETURN_TYPE = YES_ERROR;
				GCC_WARN_UNDECLARED_SELECTOR = YES;
				GCC_WARN_UNINITIALIZED_AUTOS = YES_AGGRESSIVE;
				GCC_WARN_UNUSED_FUNCTION = YES;
				GCC_WARN_UNUSED_VARIABLE = YES;
				IPHONEOS_DEPLOYMENT_TARGET = 17.2;
				LOCALIZATION_PREFERS_STRING_CATALOGS = YES;
				MTL_ENABLE_DEBUG_INFO = NO;
				MTL_FAST_MATH = YES;
				SDKROOT = iphoneos;
				SWIFT_COMPILATION_MODE = wholemodule;
				VALIDATE_PRODUCT = YES;
			};
			name = Release;
		};
		A0DD363E2B93897100D504D6 /* Debug */ = {
			isa = XCBuildConfiguration;
			buildSettings = {
				ASSETCATALOG_COMPILER_APPICON_NAME = AppIcon;
				ASSETCATALOG_COMPILER_GLOBAL_ACCENT_COLOR_NAME = AccentColor;
				CODE_SIGN_STYLE = Automatic;
				CURRENT_PROJECT_VERSION = 1;
				DEVELOPMENT_ASSET_PATHS = "\"CCAircraft/Preview Content\"";
				DEVELOPMENT_TEAM = 9YFR4MTQA7;
				ENABLE_PREVIEWS = YES;
				GENERATE_INFOPLIST_FILE = YES;
				INFOPLIST_KEY_UIApplicationSceneManifest_Generation = YES;
				INFOPLIST_KEY_UIApplicationSupportsIndirectInputEvents = YES;
				INFOPLIST_KEY_UILaunchScreen_Generation = YES;
				INFOPLIST_KEY_UISupportedInterfaceOrientations_iPad = "UIInterfaceOrientationPortrait UIInterfaceOrientationPortraitUpsideDown UIInterfaceOrientationLandscapeLeft UIInterfaceOrientationLandscapeRight";
				INFOPLIST_KEY_UISupportedInterfaceOrientations_iPhone = "UIInterfaceOrientationPortrait UIInterfaceOrientationLandscapeLeft UIInterfaceOrientationLandscapeRight";
				LD_RUNPATH_SEARCH_PATHS = (
					"$(inherited)",
					"@executable_path/Frameworks",
				);
				MARKETING_VERSION = 1.0;
				PRODUCT_BUNDLE_IDENTIFIER = com.CCA.CCAircraft;
				PRODUCT_NAME = "$(TARGET_NAME)";
				SWIFT_EMIT_LOC_STRINGS = YES;
				SWIFT_VERSION = 5.0;
				TARGETED_DEVICE_FAMILY = "1,2";
			};
			name = Debug;
		};
		A0DD363F2B93897100D504D6 /* Release */ = {
			isa = XCBuildConfiguration;
			buildSettings = {
				ASSETCATALOG_COMPILER_APPICON_NAME = AppIcon;
				ASSETCATALOG_COMPILER_GLOBAL_ACCENT_COLOR_NAME = AccentColor;
				CODE_SIGN_STYLE = Automatic;
				CURRENT_PROJECT_VERSION = 1;
				DEVELOPMENT_ASSET_PATHS = "\"CCAircraft/Preview Content\"";
				DEVELOPMENT_TEAM = 9YFR4MTQA7;
				ENABLE_PREVIEWS = YES;
				GENERATE_INFOPLIST_FILE = YES;
				INFOPLIST_KEY_UIApplicationSceneManifest_Generation = YES;
				INFOPLIST_KEY_UIApplicationSupportsIndirectInputEvents = YES;
				INFOPLIST_KEY_UILaunchScreen_Generation = YES;
				INFOPLIST_KEY_UISupportedInterfaceOrientations_iPad = "UIInterfaceOrientationPortrait UIInterfaceOrientationPortraitUpsideDown UIInterfaceOrientationLandscapeLeft UIInterfaceOrientationLandscapeRight";
				INFOPLIST_KEY_UISupportedInterfaceOrientations_iPhone = "UIInterfaceOrientationPortrait UIInterfaceOrientationLandscapeLeft UIInterfaceOrientationLandscapeRight";
				LD_RUNPATH_SEARCH_PATHS = (
					"$(inherited)",
					"@executable_path/Frameworks",
				);
				MARKETING_VERSION = 1.0;
				PRODUCT_BUNDLE_IDENTIFIER = com.CCA.CCAircraft;
				PRODUCT_NAME = "$(TARGET_NAME)";
				SWIFT_EMIT_LOC_STRINGS = YES;
				SWIFT_VERSION = 5.0;
				TARGETED_DEVICE_FAMILY = "1,2";
			};
			name = Release;
		};
		A0DD36412B93897100D504D6 /* Debug */ = {
			isa = XCBuildConfiguration;
			buildSettings = {
				ALWAYS_EMBED_SWIFT_STANDARD_LIBRARIES = YES;
				BUNDLE_LOADER = "$(TEST_HOST)";
				CODE_SIGN_STYLE = Automatic;
				CURRENT_PROJECT_VERSION = 1;
				DEVELOPMENT_TEAM = 9YFR4MTQA7;
				GENERATE_INFOPLIST_FILE = YES;
				IPHONEOS_DEPLOYMENT_TARGET = 17.2;
				MARKETING_VERSION = 1.0;
				PRODUCT_BUNDLE_IDENTIFIER = com.CCA.CCAircraftTests;
				PRODUCT_NAME = "$(TARGET_NAME)";
				SWIFT_EMIT_LOC_STRINGS = NO;
				SWIFT_VERSION = 5.0;
				TARGETED_DEVICE_FAMILY = "1,2";
				TEST_HOST = "$(BUILT_PRODUCTS_DIR)/CCAircraft.app/$(BUNDLE_EXECUTABLE_FOLDER_PATH)/CCAircraft";
			};
			name = Debug;
		};
		A0DD36422B93897100D504D6 /* Release */ = {
			isa = XCBuildConfiguration;
			buildSettings = {
				ALWAYS_EMBED_SWIFT_STANDARD_LIBRARIES = YES;
				BUNDLE_LOADER = "$(TEST_HOST)";
				CODE_SIGN_STYLE = Automatic;
				CURRENT_PROJECT_VERSION = 1;
				DEVELOPMENT_TEAM = 9YFR4MTQA7;
				GENERATE_INFOPLIST_FILE = YES;
				IPHONEOS_DEPLOYMENT_TARGET = 17.2;
				MARKETING_VERSION = 1.0;
				PRODUCT_BUNDLE_IDENTIFIER = com.CCA.CCAircraftTests;
				PRODUCT_NAME = "$(TARGET_NAME)";
				SWIFT_EMIT_LOC_STRINGS = NO;
				SWIFT_VERSION = 5.0;
				TARGETED_DEVICE_FAMILY = "1,2";
				TEST_HOST = "$(BUILT_PRODUCTS_DIR)/CCAircraft.app/$(BUNDLE_EXECUTABLE_FOLDER_PATH)/CCAircraft";
			};
			name = Release;
		};
		A0DD36442B93897100D504D6 /* Debug */ = {
			isa = XCBuildConfiguration;
			buildSettings = {
				ALWAYS_EMBED_SWIFT_STANDARD_LIBRARIES = YES;
				CODE_SIGN_STYLE = Automatic;
				CURRENT_PROJECT_VERSION = 1;
				DEVELOPMENT_TEAM = 9YFR4MTQA7;
				GENERATE_INFOPLIST_FILE = YES;
				MARKETING_VERSION = 1.0;
				PRODUCT_BUNDLE_IDENTIFIER = com.CCA.CCAircraftUITests;
				PRODUCT_NAME = "$(TARGET_NAME)";
				SWIFT_EMIT_LOC_STRINGS = NO;
				SWIFT_VERSION = 5.0;
				TARGETED_DEVICE_FAMILY = "1,2";
				TEST_TARGET_NAME = CCAircraft;
			};
			name = Debug;
		};
		A0DD36452B93897100D504D6 /* Release */ = {
			isa = XCBuildConfiguration;
			buildSettings = {
				ALWAYS_EMBED_SWIFT_STANDARD_LIBRARIES = YES;
				CODE_SIGN_STYLE = Automatic;
				CURRENT_PROJECT_VERSION = 1;
				DEVELOPMENT_TEAM = 9YFR4MTQA7;
				GENERATE_INFOPLIST_FILE = YES;
				MARKETING_VERSION = 1.0;
				PRODUCT_BUNDLE_IDENTIFIER = com.CCA.CCAircraftUITests;
				PRODUCT_NAME = "$(TARGET_NAME)";
				SWIFT_EMIT_LOC_STRINGS = NO;
				SWIFT_VERSION = 5.0;
				TARGETED_DEVICE_FAMILY = "1,2";
				TEST_TARGET_NAME = CCAircraft;
			};
			name = Release;
		};
/* End XCBuildConfiguration section */

/* Begin XCConfigurationList section */
		A0DD36142B93895F00D504D6 /* Build configuration list for PBXProject "CCAircraft" */ = {
			isa = XCConfigurationList;
			buildConfigurations = (
				A0DD363B2B93897100D504D6 /* Debug */,
				A0DD363C2B93897100D504D6 /* Release */,
			);
			defaultConfigurationIsVisible = 0;
			defaultConfigurationName = Release;
		};
		A0DD363D2B93897100D504D6 /* Build configuration list for PBXNativeTarget "CCAircraft" */ = {
			isa = XCConfigurationList;
			buildConfigurations = (
				A0DD363E2B93897100D504D6 /* Debug */,
				A0DD363F2B93897100D504D6 /* Release */,
			);
			defaultConfigurationIsVisible = 0;
			defaultConfigurationName = Release;
		};
		A0DD36402B93897100D504D6 /* Build configuration list for PBXNativeTarget "CCAircraftTests" */ = {
			isa = XCConfigurationList;
			buildConfigurations = (
				A0DD36412B93897100D504D6 /* Debug */,
				A0DD36422B93897100D504D6 /* Release */,
			);
			defaultConfigurationIsVisible = 0;
			defaultConfigurationName = Release;
		};
		A0DD36432B93897100D504D6 /* Build configuration list for PBXNativeTarget "CCAircraftUITests" */ = {
			isa = XCConfigurationList;
			buildConfigurations = (
				A0DD36442B93897100D504D6 /* Debug */,
				A0DD36452B93897100D504D6 /* Release */,
			);
			defaultConfigurationIsVisible = 0;
			defaultConfigurationName = Release;
		};
/* End XCConfigurationList section */
	};
	rootObject = A0DD36112B93895F00D504D6 /* Project object */;
}
